{
  "name": "pkgtest",
  "version": "1.0.0",
  "lockfileVersion": 3,
  "requires": true,
  "packages": {
    "": {
      "name": "pkgtest",
      "version": "1.0.0",
      "license": "ISC",
      "dependencies": {
        "nodejs-code": "^1.0.0"
      }
    },
    "node_modules/nodejs-code": {
      "version": "1.0.0",
      "resolved": "https://registry.npmjs.org/nodejs-code/-/nodejs-code-1.0.0.tgz",
      "integrity": "sha512-Mm94NDPKTtyo2YCB0Zru3Nibieo4MKgXnXKKDlrU1+xhnxQJ0eu4Az6zjbmfJOEK8UdZCt6egCEH91SAkodi0w=="
    }
  }
}
